# generated by rye
# use `rye lock` or `rye sync` to update this lockfile
#
# last locked with the following flags:
#   pre: false
#   features: []
#   all-features: false
#   with-sources: false

-e file:.
anyio==4.3.0
    # via httpx
attrs==23.2.0
    # via python-zeep
certifi==2024.2.2
    # via httpcore
    # via httpx
    # via requests
charset-normalizer==3.3.2
    # via requests
h11==0.14.0
    # via httpcore
httpcore==1.0.5
    # via httpx
httpx==0.27.0
    # via python-zeep
idna==3.6
    # via anyio
    # via httpx
    # via requests
isodate==0.6.1
    # via python-zeep
lxml==5.2.0
    # via python-zeep
platformdirs==4.2.0
    # via python-zeep
pytz==2024.1
    # via python-zeep
requests==2.31.0
    # via python-zeep
    # via requests-file
    # via requests-toolbelt
requests-file==2.0.0
    # via python-zeep
requests-toolbelt==1.0.0
    # via python-zeep
six==1.16.0
    # via isodate
sniffio==1.3.1
    # via anyio
    # via httpx
urllib3==2.2.1
    # via requests
